
Microsoft Visual Studio Solution File, Format Version 12.00
# Visual Studio Version 17
VisualStudioVersion = 17.11.35222.181
MinimumVisualStudioVersion = 10.0.40219.1
Project("{9A19103F-16F7-4668-BE54-9A1E7A4F7556}") = "ActionService", "ActionService\ActionService.csproj", "{B0BA892D-7B3D-4036-B55D-0FF2BF352725}"
EndProject
Project("{9A19103F-16F7-4668-BE54-9A1E7A4F7556}") = "SearchService", "SearchService\SearchService.csproj", "{40471AE1-F7B9-4AD1-BD06-89FA79994656}"
EndProject
Project("{9A19103F-16F7-4668-BE54-9A1E7A4F7556}") = "Contracts", "Contracts\Contracts.csproj", "{264C35E7-93A2-4CF3-BD83-C0E5C71FBC86}"
EndProject
Project("{E53339B2-1760-4266-BCC7-CA923CBCF16C}") = "docker-compose", "docker-compose.dcproj", "{5D093332-D20E-4AE2-BBBA-41C5BBA6C089}"
EndProject
Project("{9A19103F-16F7-4668-BE54-9A1E7A4F7556}") = "IdentityService", "IdentityService\IdentityService.csproj", "{F7ED6296-5E16-4B66-87EF-57B53DB8D38C}"
EndProject
Project("{9A19103F-16F7-4668-BE54-9A1E7A4F7556}") = "GatewayService", "GatewayService\GatewayService.csproj", "{C901A4A9-5480-4ABB-B639-75FF5910ADB2}"
EndProject
Global
	GlobalSection(SolutionConfigurationPlatforms) = preSolution
		Debug|Any CPU = Debug|Any CPU
		Release|Any CPU = Release|Any CPU
	EndGlobalSection
	GlobalSection(ProjectConfigurationPlatforms) = postSolution
		{B0BA892D-7B3D-4036-B55D-0FF2BF352725}.Debug|Any CPU.ActiveCfg = Debug|Any CPU
		{B0BA892D-7B3D-4036-B55D-0FF2BF352725}.Debug|Any CPU.Build.0 = Debug|Any CPU
		{B0BA892D-7B3D-4036-B55D-0FF2BF352725}.Release|Any CPU.ActiveCfg = Release|Any CPU
		{B0BA892D-7B3D-4036-B55D-0FF2BF352725}.Release|Any CPU.Build.0 = Release|Any CPU
		{40471AE1-F7B9-4AD1-BD06-89FA79994656}.Debug|Any CPU.ActiveCfg = Debug|Any CPU
		{40471AE1-F7B9-4AD1-BD06-89FA79994656}.Debug|Any CPU.Build.0 = Debug|Any CPU
		{40471AE1-F7B9-4AD1-BD06-89FA79994656}.Release|Any CPU.ActiveCfg = Release|Any CPU
		{40471AE1-F7B9-4AD1-BD06-89FA79994656}.Release|Any CPU.Build.0 = Release|Any CPU
		{264C35E7-93A2-4CF3-BD83-C0E5C71FBC86}.Debug|Any CPU.ActiveCfg = Debug|Any CPU
		{264C35E7-93A2-4CF3-BD83-C0E5C71FBC86}.Debug|Any CPU.Build.0 = Debug|Any CPU
		{264C35E7-93A2-4CF3-BD83-C0E5C71FBC86}.Release|Any CPU.ActiveCfg = Release|Any CPU
		{264C35E7-93A2-4CF3-BD83-C0E5C71FBC86}.Release|Any CPU.Build.0 = Release|Any CPU
		{5D093332-D20E-4AE2-BBBA-41C5BBA6C089}.Debug|Any CPU.ActiveCfg = Debug|Any CPU
		{5D093332-D20E-4AE2-BBBA-41C5BBA6C089}.Debug|Any CPU.Build.0 = Debug|Any CPU
		{5D093332-D20E-4AE2-BBBA-41C5BBA6C089}.Release|Any CPU.ActiveCfg = Release|Any CPU
		{5D093332-D20E-4AE2-BBBA-41C5BBA6C089}.Release|Any CPU.Build.0 = Release|Any CPU
		{F7ED6296-5E16-4B66-87EF-57B53DB8D38C}.Debug|Any CPU.ActiveCfg = Debug|Any CPU
		{F7ED6296-5E16-4B66-87EF-57B53DB8D38C}.Debug|Any CPU.Build.0 = Debug|Any CPU
		{F7ED6296-5E16-4B66-87EF-57B53DB8D38C}.Release|Any CPU.ActiveCfg = Release|Any CPU
		{F7ED6296-5E16-4B66-87EF-57B53DB8D38C}.Release|Any CPU.Build.0 = Release|Any CPU
		{C901A4A9-5480-4ABB-B639-75FF5910ADB2}.Debug|Any CPU.ActiveCfg = Debug|Any CPU
		{C901A4A9-5480-4ABB-B639-75FF5910ADB2}.Debug|Any CPU.Build.0 = Debug|Any CPU
		{C901A4A9-5480-4ABB-B639-75FF5910ADB2}.Release|Any CPU.ActiveCfg = Release|Any CPU
		{C901A4A9-5480-4ABB-B639-75FF5910ADB2}.Release|Any CPU.Build.0 = Release|Any CPU
	EndGlobalSection
	GlobalSection(SolutionProperties) = preSolution
		HideSolutionNode = FALSE
	EndGlobalSection
	GlobalSection(ExtensibilityGlobals) = postSolution
		SolutionGuid = {F19B43A7-77ED-4052-AFDF-B5CA7249FF93}
	EndGlobalSection
EndGlobal
